
Microsoft Visual Studio Solution File, Format Version 12.00
# Visual Studio Version 16
VisualStudioVersion = 16.0.29911.84
MinimumVisualStudioVersion = 10.0.40219.1
Project("{FAE04EC0-301F-11D3-BF4B-00C04F79EFBC}") = "Chapter3", "Chapter3\Chapter3.csproj", "{37B4E0C5-296D-496D-B0EE-B080E728698B}"
EndProject
Project("{FAE04EC0-301F-11D3-BF4B-00C04F79EFBC}") = "Chapter4", "Chapter4\Chapter4.csproj", "{7EEB709F-18B5-4BF8-9883-0310971E7ED3}"
EndProject
Project("{FAE04EC0-301F-11D3-BF4B-00C04F79EFBC}") = "Chapter5", "Chapter5\Chapter5.csproj", "{C3E2E6FB-F9F4-4FEB-B060-F48EEEB34BAB}"
EndProject
Project("{FAE04EC0-301F-11D3-BF4B-00C04F79EFBC}") = "Chapter6", "Chapter6\Chapter6.csproj", "{B7103095-CA7E-4079-B8CD-EB4B1513EE3A}"
EndProject
Project("{FAE04EC0-301F-11D3-BF4B-00C04F79EFBC}") = "Chapter7", "Chapter7\Chapter7.csproj", "{BE5490DD-6652-478F-95D1-2962F127846C}"
EndProject
Global
	GlobalSection(SolutionConfigurationPlatforms) = preSolution
		Debug|Any CPU = Debug|Any CPU
		Release|Any CPU = Release|Any CPU
	EndGlobalSection
	GlobalSection(ProjectConfigurationPlatforms) = postSolution
		{37B4E0C5-296D-496D-B0EE-B080E728698B}.Debug|Any CPU.ActiveCfg = Debug|Any CPU
		{37B4E0C5-296D-496D-B0EE-B080E728698B}.Debug|Any CPU.Build.0 = Debug|Any CPU
		{37B4E0C5-296D-496D-B0EE-B080E728698B}.Release|Any CPU.ActiveCfg = Release|Any CPU
		{37B4E0C5-296D-496D-B0EE-B080E728698B}.Release|Any CPU.Build.0 = Release|Any CPU
		{7EEB709F-18B5-4BF8-9883-0310971E7ED3}.Debug|Any CPU.ActiveCfg = Debug|Any CPU
		{7EEB709F-18B5-4BF8-9883-0310971E7ED3}.Debug|Any CPU.Build.0 = Debug|Any CPU
		{7EEB709F-18B5-4BF8-9883-0310971E7ED3}.Release|Any CPU.ActiveCfg = Release|Any CPU
		{7EEB709F-18B5-4BF8-9883-0310971E7ED3}.Release|Any CPU.Build.0 = Release|Any CPU
		{C3E2E6FB-F9F4-4FEB-B060-F48EEEB34BAB}.Debug|Any CPU.ActiveCfg = Debug|Any CPU
		{C3E2E6FB-F9F4-4FEB-B060-F48EEEB34BAB}.Debug|Any CPU.Build.0 = Debug|Any CPU
		{C3E2E6FB-F9F4-4FEB-B060-F48EEEB34BAB}.Release|Any CPU.ActiveCfg = Release|Any CPU
		{C3E2E6FB-F9F4-4FEB-B060-F48EEEB34BAB}.Release|Any CPU.Build.0 = Release|Any CPU
		{B7103095-CA7E-4079-B8CD-EB4B1513EE3A}.Debug|Any CPU.ActiveCfg = Debug|Any CPU
		{B7103095-CA7E-4079-B8CD-EB4B1513EE3A}.Debug|Any CPU.Build.0 = Debug|Any CPU
		{B7103095-CA7E-4079-B8CD-EB4B1513EE3A}.Release|Any CPU.ActiveCfg = Release|Any CPU
		{B7103095-CA7E-4079-B8CD-EB4B1513EE3A}.Release|Any CPU.Build.0 = Release|Any CPU
		{BE5490DD-6652-478F-95D1-2962F127846C}.Debug|Any CPU.ActiveCfg = Debug|Any CPU
		{BE5490DD-6652-478F-95D1-2962F127846C}.Debug|Any CPU.Build.0 = Debug|Any CPU
		{BE5490DD-6652-478F-95D1-2962F127846C}.Release|Any CPU.ActiveCfg = Release|Any CPU
		{BE5490DD-6652-478F-95D1-2962F127846C}.Release|Any CPU.Build.0 = Release|Any CPU
	EndGlobalSection
	GlobalSection(SolutionProperties) = preSolution
		HideSolutionNode = FALSE
	EndGlobalSection
	GlobalSection(ExtensibilityGlobals) = postSolution
		SolutionGuid = {1C3F3E2B-913A-4A57-A2A0-C9E1D8484B79}
	EndGlobalSection
EndGlobal
